{
  "requires": true,
  "lockfileVersion": 1,
  "dependencies": {
    "@syncfusion/ej2-angular-base": {
      "version": "17.3.27",
      "resolved": "https://registry.npmjs.org/@syncfusion/ej2-angular-base/-/ej2-angular-base-17.3.27.tgz",
      "integrity": "sha512-cszmvpPgUvGRxPEWKNBHPN6wNDIKyzYOPd5S/uwXwGYSto9J1VwyZHeQBCx1v91V9MIwZnJWK4Ixh4iM/cuDBw==",
      "requires": {
        "@syncfusion/ej2-base": "~17.3.27",
        "core-js": "^2.4.1",
        "reflect-metadata": "^0.1.9",
        "rxjs": "^5.0.0",
        "zone.js": "^0.7.2"
      }
    },
    "@syncfusion/ej2-angular-schedule": {
      "version": "17.3.28",
      "resolved": "https://registry.npmjs.org/@syncfusion/ej2-angular-schedule/-/ej2-angular-schedule-17.3.28.tgz",
      "integrity": "sha512-oOWKrpZpCnXVuW3yQNaEULqhwPkzW0uvQdq1BJKqt+WP+B1kjKWunXmq/Ub76vUmnJiVMFJJjcZOLgIMFCRE9A==",
      "requires": {
        "@syncfusion/ej2-angular-base": "~17.3.27",
        "@syncfusion/ej2-base": "~17.3.27",
        "@syncfusion/ej2-schedule": "17.3.28"
      }
    },
    "@syncfusion/ej2-base": {
      "version": "17.3.27",
      "resolved": "https://registry.npmjs.org/@syncfusion/ej2-base/-/ej2-base-17.3.27.tgz",
      "integrity": "sha512-iJ1QzVQElGvDqk8CH99eKQGZIrZiIrXGrZIxJxhjcFHNcL9s0TK1YtDUQI5HBqpfL0IZmK5WtNlRuyt7L5FfyQ==",
      "requires": {
        "@syncfusion/ej2-icons": "~17.3.27"
      }
    },
    "@syncfusion/ej2-buttons": {
      "version": "17.3.27",
      "resolved": "https://registry.npmjs.org/@syncfusion/ej2-buttons/-/ej2-buttons-17.3.27.tgz",
      "integrity": "sha512-xfT85sZCzI88fdU3vUHI504nBkSUyFN7vJr2jO9EBRSo4CjjS4kjKc4ugkz8AT3VTTujJJxIczBHUF1erXbxRg==",
      "requires": {
        "@syncfusion/ej2-base": "~17.3.27"
      }
    },
    "@syncfusion/ej2-calendars": {
      "version": "17.3.28",
      "resolved": "https://registry.npmjs.org/@syncfusion/ej2-calendars/-/ej2-calendars-17.3.28.tgz",
      "integrity": "sha512-6WHpEMbFDJcWBpw2B70HubnY6zccsbQ0upU/SmM1b+4JPxcvsMZlEkKxQ96sVh5MgCWGLFCYSsbAawAEeB4tag==",
      "requires": {
        "@syncfusion/ej2-base": "~17.3.27",
        "@syncfusion/ej2-buttons": "~17.3.27",
        "@syncfusion/ej2-inputs": "~17.3.28",
        "@syncfusion/ej2-lists": "~17.3.27",
        "@syncfusion/ej2-popups": "~17.3.27"
      }
    },
    "@syncfusion/ej2-compression": {
      "version": "17.3.27",
      "resolved": "https://registry.npmjs.org/@syncfusion/ej2-compression/-/ej2-compression-17.3.27.tgz",
      "integrity": "sha512-l2NtfbTSyAyI8mW+ECWKNkPdXLSxrIsvrRJfhObWL+RW41wT9EXEKQAguYBKDmnORCruRhpQlySLb2eln2XVdg==",
      "requires": {
        "@syncfusion/ej2-file-utils": "~17.3.27"
      }
    },
    "@syncfusion/ej2-data": {
      "version": "17.3.30",
      "resolved": "https://registry.npmjs.org/@syncfusion/ej2-data/-/ej2-data-17.3.30.tgz",
      "integrity": "sha512-VysxKGGqKDNUmiJFOjj/XZw5CUz0swd6rnUYbmiQiS9UFUELWbcxxROlNf9AEF15Wo/UWQxUgM8xUFgFNddwUA==",
      "requires": {
        "@syncfusion/ej2-base": "~17.3.27"
      }
    },
    "@syncfusion/ej2-dropdowns": {
      "version": "17.3.30",
      "resolved": "https://registry.npmjs.org/@syncfusion/ej2-dropdowns/-/ej2-dropdowns-17.3.30.tgz",
      "integrity": "sha512-2m5SlYvWe05S/uu/HXxkDe9aF+z/hcj43htwtK6wSZmw8jUsbS4aHSBwc60Jan7pUmvhvU7aTR843nHeipSX/g==",
      "requires": {
        "@syncfusion/ej2-base": "~17.3.27",
        "@syncfusion/ej2-data": "~17.3.30",
        "@syncfusion/ej2-inputs": "~17.3.29",
        "@syncfusion/ej2-lists": "~17.3.27",
        "@syncfusion/ej2-popups": "~17.3.29"
      }
    },
    "@syncfusion/ej2-excel-export": {
      "version": "17.3.27",
      "resolved": "https://registry.npmjs.org/@syncfusion/ej2-excel-export/-/ej2-excel-export-17.3.27.tgz",
      "integrity": "sha512-xxXn72j6jQTQHg58ruvsoutMPvB6Xs2pcVpW4zULJzvH6lQXamGcdVi69hq/pQVyk+PBg/ZZ0xZKjk/ErXcpRg==",
      "requires": {
        "@syncfusion/ej2-base": "~17.3.27",
        "@syncfusion/ej2-compression": "~17.3.27"
      }
    },
    "@syncfusion/ej2-file-utils": {
      "version": "17.3.27",
      "resolved": "https://registry.npmjs.org/@syncfusion/ej2-file-utils/-/ej2-file-utils-17.3.27.tgz",
      "integrity": "sha512-a9+euE8dbrgIUVVuGmI7ARP/7JS0uPqgwY02gmkxdGhTlmOwEMH0z3U/tskAkL1Gq3vhejCG1PEsq6jFz1ypew=="
    },
    "@syncfusion/ej2-icons": {
      "version": "17.3.27",
      "resolved": "https://registry.npmjs.org/@syncfusion/ej2-icons/-/ej2-icons-17.3.27.tgz",
      "integrity": "sha512-0MM+93IrtXCnyXybVLjyRdy8JSJ4diCC0gZagFc1VhBofhZqrpWlCLt3C0SUyfsSvuMyYZUisR41iwqRP84yIQ=="
    },
    "@syncfusion/ej2-inputs": {
      "version": "17.3.29",
      "resolved": "https://registry.npmjs.org/@syncfusion/ej2-inputs/-/ej2-inputs-17.3.29.tgz",
      "integrity": "sha512-zr2eRnhZ7t54I+dcORsFhjv2lyFfkxk1RRl4cUkNGeyera8hBDbVNERMNgIDgOH31SLHhtwQacZ3NOXCVfj2GQ==",
      "requires": {
        "@syncfusion/ej2-base": "~17.3.27",
        "@syncfusion/ej2-buttons": "~17.3.27",
        "@syncfusion/ej2-popups": "~17.3.29",
        "@syncfusion/ej2-splitbuttons": "~17.3.27"
      }
    },
    "@syncfusion/ej2-lists": {
      "version": "17.3.27",
      "resolved": "https://registry.npmjs.org/@syncfusion/ej2-lists/-/ej2-lists-17.3.27.tgz",
      "integrity": "sha512-WuApIU/5q5v39HCrmNRsXS++mCOPyef5L/jVWd0TipFjBLaWsY1HYzJkfsaT9xTQLjUdTx4grvHe3KOf38NlEQ==",
      "requires": {
        "@syncfusion/ej2-base": "~17.3.27",
        "@syncfusion/ej2-buttons": "~17.3.27",
        "@syncfusion/ej2-data": "~17.3.27"
      }
    },
    "@syncfusion/ej2-navigations": {
      "version": "17.3.27",
      "resolved": "https://registry.npmjs.org/@syncfusion/ej2-navigations/-/ej2-navigations-17.3.27.tgz",
      "integrity": "sha512-/SY92XM9H55pBbfzOJOqF4DJaIOmAW0ZRX+s1sbTJdTiWyjUYPCwEv7hBIbwCHpr7mXeXi9XPZHAgX5YRJzMwQ==",
      "requires": {
        "@syncfusion/ej2-base": "~17.3.27",
        "@syncfusion/ej2-buttons": "~17.3.27",
        "@syncfusion/ej2-data": "~17.3.27",
        "@syncfusion/ej2-inputs": "~17.3.27",
        "@syncfusion/ej2-lists": "~17.3.27",
        "@syncfusion/ej2-popups": "~17.3.27"
      }
    },
    "@syncfusion/ej2-popups": {
      "version": "17.3.29",
      "resolved": "https://registry.npmjs.org/@syncfusion/ej2-popups/-/ej2-popups-17.3.29.tgz",
      "integrity": "sha512-q/yBW/YvCb29XcpLSPY6NldiiiWZziU7PAzWrey5Dqk1ZeYYPRjgWb3jjYXnDwku84NShqb0aUiF8lcDSPgCZA==",
      "requires": {
        "@syncfusion/ej2-base": "~17.3.27",
        "@syncfusion/ej2-buttons": "~17.3.27"
      }
    },
    "@syncfusion/ej2-schedule": {
      "version": "17.3.28",
      "resolved": "https://registry.npmjs.org/@syncfusion/ej2-schedule/-/ej2-schedule-17.3.28.tgz",
      "integrity": "sha512-wGAoKQR8IKkScer7t3XbHwycSSac6JaJclawjwdFobVx4oDRqarXjqi2Ep097duuMze4dgwBsMIqXfHlwvaRxw==",
      "requires": {
        "@syncfusion/ej2-base": "~17.3.27",
        "@syncfusion/ej2-buttons": "~17.3.27",
        "@syncfusion/ej2-calendars": "~17.3.28",
        "@syncfusion/ej2-data": "~17.3.27",
        "@syncfusion/ej2-dropdowns": "~17.3.28",
        "@syncfusion/ej2-excel-export": "~17.3.27",
        "@syncfusion/ej2-inputs": "~17.3.28",
        "@syncfusion/ej2-lists": "~17.3.27",
        "@syncfusion/ej2-navigations": "~17.3.27",
        "@syncfusion/ej2-popups": "~17.3.27"
      }
    },
    "@syncfusion/ej2-splitbuttons": {
      "version": "17.3.27",
      "resolved": "https://registry.npmjs.org/@syncfusion/ej2-splitbuttons/-/ej2-splitbuttons-17.3.27.tgz",
      "integrity": "sha512-4e9WDyiHLT6S4Jnsv3yFJgSqm0TUe8pCNEYFSV5wmFk20RE4qov4cDTEyNSngK7IFhNdmdfRwjYGpwnOOQzRVQ==",
      "requires": {
        "@syncfusion/ej2-base": "~17.3.27",
        "@syncfusion/ej2-popups": "~17.3.27"
      }
    },
    "@types/chart.js": {
      "version": "2.9.4",
      "resolved": "https://registry.npmjs.org/@types/chart.js/-/chart.js-2.9.4.tgz",
      "integrity": "sha512-uKF7vOdTTAfrsKREKG4oojDqE/dQ5GkwdMRQGfk19aKmeC4wIF6eTWdN98PA8d+F4TPI8hy7oOTB6/JoWepEJw=="
    },
    "core-js": {
      "version": "2.6.11",
      "resolved": "https://registry.npmjs.org/core-js/-/core-js-2.6.11.tgz",
      "integrity": "sha512-5wjnpaT/3dV+XB4borEsnAYQchn00XSgTAWKDkEqv+K8KevjbzmofK6hfJ9TZIlpj2N0xQpazy7PiRQiWHqzWg=="
    },
    "lodash": {
      "version": "4.17.15",
      "resolved": "https://registry.npmjs.org/lodash/-/lodash-4.17.15.tgz",
      "integrity": "sha512-8xOcRHvCjnocdS5cpwXQXVzmmh5e5+saE2QGoeQmbKmRS6J3VQppPOIt0MnmE+4xlZoumy0GPG0D0MVIQbNA1A=="
    },
    "ng2-charts": {
      "version": "2.3.0",
      "resolved": "https://registry.npmjs.org/ng2-charts/-/ng2-charts-2.3.0.tgz",
      "integrity": "sha512-D5K7OqF0m5lOBYvNOsraoEo4OPHja9zfGNj+HWy2nUcP0LP2s+Y/QaQlkG/1rHlwXq9HPm8rLxzSutA0eLHxGQ==",
      "requires": {
        "@types/chart.js": "^2.7.48",
        "lodash": "^4.17.11",
        "tslib": "^1.9.0"
      }
    },
    "ngx-social-login": {
      "version": "6.0.1",
      "resolved": "https://registry.npmjs.org/ngx-social-login/-/ngx-social-login-6.0.1.tgz",
      "integrity": "sha512-kVJm5qhgeMiEdMC4+lyHnXigY8fkKFgD3WB8nSf8AC7QKxbEEgREhQZpgSwYZdfgeWLVVSIESlE3alR7b8xjyA==",
      "requires": {
        "tslib": "^1.9.0"
      }
    },
    "reflect-metadata": {
      "version": "0.1.13",
      "resolved": "https://registry.npmjs.org/reflect-metadata/-/reflect-metadata-0.1.13.tgz",
      "integrity": "sha512-Ts1Y/anZELhSsjMcU605fU9RE4Oi3p5ORujwbIKXfWa+0Zxs510Qrmrce5/Jowq3cHSZSJqBjypxmHarc+vEWg=="
    },
    "rxjs": {
      "version": "5.5.12",
      "resolved": "https://registry.npmjs.org/rxjs/-/rxjs-5.5.12.tgz",
      "integrity": "sha512-xx2itnL5sBbqeeiVgNPVuQQ1nC8Jp2WfNJhXWHmElW9YmrpS9UVnNzhP3EH3HFqexO5Tlp8GhYY+WEcqcVMvGw==",
      "requires": {
        "symbol-observable": "1.0.1"
      }
    },
    "symbol-observable": {
      "version": "1.0.1",
      "resolved": "https://registry.npmjs.org/symbol-observable/-/symbol-observable-1.0.1.tgz",
      "integrity": "sha1-g0D8RwLDEi310iKI+IKD9RPT/dQ="
    },
    "tslib": {
      "version": "1.10.0",
      "resolved": "https://registry.npmjs.org/tslib/-/tslib-1.10.0.tgz",
      "integrity": "sha512-qOebF53frne81cf0S9B41ByenJ3/IuH8yJKngAX35CmiZySA0khhkovshKK+jGCaMnVomla7gVlIcc3EvKPbTQ=="
    },
    "zone.js": {
      "version": "0.7.8",
      "resolved": "https://registry.npmjs.org/zone.js/-/zone.js-0.7.8.tgz",
      "integrity": "sha1-Tz/og01EWX8mOQU6D6Q43zT//e0="
    }
  }
}
